{
  "version": 4,
  "terraform_version": "1.0.2",
  "serial": 1214,
  "lineage": "a6e843c7-5ba1-c386-c9d2-13e333a809d7",
  "outputs": {},
  "resources": [
    {
      "mode": "data",
      "type": "aws_ami",
      "name": "ubuntu",
      "provider": "provider[\"registry.terraform.io/hashicorp/aws\"]",
      "instances": [
        {
          "schema_version": 0,
          "attributes": {
            "architecture": "x86_64",
            "arn": "arn:aws:ec2:us-east-2::image/ami-0117d177e96a8481c",
            "block_device_mappings": [
              {
                "device_name": "/dev/sda1",
                "ebs": {
                  "delete_on_termination": "true",
                  "encrypted": "false",
                  "iops": "0",
                  "snapshot_id": "snap-0fc9942acb956b60e",
                  "throughput": "0",
                  "volume_size": "8",
                  "volume_type": "gp2"
                },
                "no_device": "",
                "virtual_name": ""
              },
              {
                "device_name": "/dev/sdb",
                "ebs": {},
                "no_device": "",
                "virtual_name": "ephemeral0"
              },
              {
                "device_name": "/dev/sdc",
                "ebs": {},
                "no_device": "",
                "virtual_name": "ephemeral1"
              }
            ],
            "creation_date": "2021-07-21T13:27:29.000Z",
            "description": "Canonical, Ubuntu, 20.04 LTS, amd64 focal image build on 2021-07-20",
            "ena_support": true,
            "executable_users": null,
            "filter": [
              {
                "name": "name",
                "values": [
                  "ubuntu/images/hvm-ssd/ubuntu-focal-20.04-amd64-server-*"
                ]
              },
              {
                "name": "virtualization-type",
                "values": [
                  "hvm"
                ]
              }
            ],
            "hypervisor": "xen",
            "id": "ami-0117d177e96a8481c",
            "image_id": "ami-0117d177e96a8481c",
            "image_location": "099720109477/ubuntu/images/hvm-ssd/ubuntu-focal-20.04-amd64-server-20210720",
            "image_owner_alias": null,
            "image_type": "machine",
            "kernel_id": null,
            "most_recent": true,
            "name": "ubuntu/images/hvm-ssd/ubuntu-focal-20.04-amd64-server-20210720",
            "name_regex": null,
            "owner_id": "099720109477",
            "owners": [
              "099720109477"
            ],
            "platform": null,
            "platform_details": "Linux/UNIX",
            "product_codes": [],
            "public": true,
            "ramdisk_id": null,
            "root_device_name": "/dev/sda1",
            "root_device_type": "ebs",
            "root_snapshot_id": "snap-0fc9942acb956b60e",
            "sriov_net_support": "simple",
            "state": "available",
            "state_reason": {
              "code": "UNSET",
              "message": "UNSET"
            },
            "tags": {},
            "usage_operation": "RunInstances",
            "virtualization_type": "hvm"
          },
          "sensitive_attributes": []
        }
      ]
    },
    {
      "module": "module.Bastion-auto-scaling",
      "mode": "managed",
      "type": "aws_autoscaling_group",
      "name": "group",
      "provider": "provider[\"registry.terraform.io/hashicorp/aws\"]",
      "instances": [
        {
          "schema_version": 0,
          "attributes": {
            "arn": "arn:aws:autoscaling:us-east-2:151849149046:autoScalingGroup:0a6c9969-8d8f-49f4-8cfc-db199fedf7cc:autoScalingGroupName/terraform-autoscale-groupBastion-host",
            "availability_zones": [
              "us-east-2a",
              "us-east-2b"
            ],
            "capacity_rebalance": false,
            "default_cooldown": 300,
            "desired_capacity": 1,
            "enabled_metrics": [],
            "force_delete": false,
            "force_delete_warm_pool": false,
            "health_check_grace_period": 300,
            "health_check_type": "EC2",
            "id": "terraform-autoscale-groupBastion-host",
            "initial_lifecycle_hook": [],
            "instance_refresh": [],
            "launch_configuration": "config-autoscale-groupBastion-host20210802195914325800000001",
            "launch_template": [],
            "load_balancers": [],
            "max_instance_lifetime": 0,
            "max_size": 1,
            "metrics_granularity": "1Minute",
            "min_elb_capacity": null,
            "min_size": 1,
            "mixed_instances_policy": [],
            "name": "terraform-autoscale-groupBastion-host",
            "name_prefix": "",
            "placement_group": "",
            "protect_from_scale_in": false,
            "service_linked_role_arn": "arn:aws:iam::151849149046:role/aws-service-role/autoscaling.amazonaws.com/AWSServiceRoleForAutoScaling",
            "suspended_processes": [],
            "tag": [
              {
                "key": "Name",
                "propagate_at_launch": true,
                "value": "Bastion-host"
              }
            ],
            "tags": null,
            "target_group_arns": [
              "arn:aws:elasticloadbalancing:us-east-2:151849149046:targetgroup/lb-target-group-Bastion-host/c14d4951fd69733a"
            ],
            "termination_policies": [],
            "timeouts": null,
            "vpc_zone_identifier": [
              "subnet-00b182e82a91de99e",
              "subnet-050d9ab255ce06f59"
            ],
            "wait_for_capacity_timeout": "10m",
            "wait_for_elb_capacity": null,
            "warm_pool": []
          },
          "sensitive_attributes": [],
          "private": "eyJlMmJmYjczMC1lY2FhLTExZTYtOGY4OC0zNDM2M2JjN2M0YzAiOnsiZGVsZXRlIjo2MDAwMDAwMDAwMDB9fQ==",
          "dependencies": [
            "module.vpc_2n2.aws_subnet.publicSubnets",
            "module.vpc_2n2.aws_vpc.Main",
            "data.aws_ami.ubuntu",
            "module.Bastion-auto-scaling.aws_launch_configuration.config-autoscale-group",
            "module.Bastion-auto-scaling.aws_lb_target_group.lb-target-group",
            "module.security-group-bastion.aws_security_group.Allow-http-ssh"
          ],
          "create_before_destroy": true
        }
      ]
    },
    {
      "module": "module.Bastion-auto-scaling",
      "mode": "managed",
      "type": "aws_launch_configuration",
      "name": "config-autoscale-group",
      "provider": "provider[\"registry.terraform.io/hashicorp/aws\"]",
      "instances": [
        {
          "schema_version": 0,
          "attributes": {
            "arn": "arn:aws:autoscaling:us-east-2:151849149046:launchConfiguration:11f63bc7-0265-4de2-8261-83be3df933a9:launchConfigurationName/config-autoscale-groupBastion-host20210802195914325800000001",
            "associate_public_ip_address": true,
            "ebs_block_device": [],
            "ebs_optimized": false,
            "enable_monitoring": true,
            "ephemeral_block_device": [],
            "iam_instance_profile": "",
            "id": "config-autoscale-groupBastion-host20210802195914325800000001",
            "image_id": "ami-0117d177e96a8481c",
            "instance_type": "t2.micro",
            "key_name": "first-key-pair",
            "metadata_options": [],
            "name": "config-autoscale-groupBastion-host20210802195914325800000001",
            "name_prefix": "config-autoscale-groupBastion-host",
            "placement_tenancy": null,
            "root_block_device": [],
            "security_groups": [
              "sg-0f6bcaa045af5f241"
            ],
            "spot_price": "",
            "user_data": null,
            "user_data_base64": null,
            "vpc_classic_link_id": "",
            "vpc_classic_link_security_groups": []
          },
          "sensitive_attributes": [],
          "private": "bnVsbA==",
          "dependencies": [
            "module.security-group-bastion.aws_security_group.Allow-http-ssh",
            "module.vpc_2n2.aws_vpc.Main",
            "data.aws_ami.ubuntu"
          ],
          "create_before_destroy": true
        }
      ]
    },
    {
      "module": "module.Bastion-auto-scaling",
      "mode": "managed",
      "type": "aws_lb",
      "name": "Applicatiom-loadbalancer",
      "provider": "provider[\"registry.terraform.io/hashicorp/aws\"]",
      "instances": [
        {
          "schema_version": 0,
          "attributes": {
            "access_logs": [
              {
                "bucket": "",
                "enabled": false,
                "prefix": ""
              }
            ],
            "arn": "arn:aws:elasticloadbalancing:us-east-2:151849149046:loadbalancer/app/Application-lb-Bastion-host/e71beb32601ff7ad",
            "arn_suffix": "app/Application-lb-Bastion-host/e71beb32601ff7ad",
            "customer_owned_ipv4_pool": "",
            "dns_name": "Application-lb-Bastion-host-807934184.us-east-2.elb.amazonaws.com",
            "drop_invalid_header_fields": false,
            "enable_cross_zone_load_balancing": null,
            "enable_deletion_protection": false,
            "enable_http2": true,
            "id": "arn:aws:elasticloadbalancing:us-east-2:151849149046:loadbalancer/app/Application-lb-Bastion-host/e71beb32601ff7ad",
            "idle_timeout": 60,
            "internal": false,
            "ip_address_type": "ipv4",
            "load_balancer_type": "application",
            "name": "Application-lb-Bastion-host",
            "name_prefix": null,
            "security_groups": [
              "sg-09d2cdd79be67d3f9"
            ],
            "subnet_mapping": [
              {
                "allocation_id": "",
                "ipv6_address": "",
                "outpost_id": "",
                "private_ipv4_address": "",
                "subnet_id": "subnet-00b182e82a91de99e"
              },
              {
                "allocation_id": "",
                "ipv6_address": "",
                "outpost_id": "",
                "private_ipv4_address": "",
                "subnet_id": "subnet-050d9ab255ce06f59"
              }
            ],
            "subnets": [
              "subnet-00b182e82a91de99e",
              "subnet-050d9ab255ce06f59"
            ],
            "tags": {
              "Name": "Application-lb-Bastion-host"
            },
            "tags_all": {
              "Name": "Application-lb-Bastion-host"
            },
            "timeouts": null,
            "vpc_id": "vpc-02fa6659577aa9f58",
            "zone_id": "Z3AADJGX6KTTL2"
          },
          "sensitive_attributes": [],
          "private": "eyJlMmJmYjczMC1lY2FhLTExZTYtOGY4OC0zNDM2M2JjN2M0YzAiOnsiY3JlYXRlIjo2MDAwMDAwMDAwMDAsImRlbGV0ZSI6NjAwMDAwMDAwMDAwLCJ1cGRhdGUiOjYwMDAwMDAwMDAwMH19",
          "dependencies": [
            "module.security-group-bastion.aws_security_group.Allow-http",
            "module.vpc_2n2.aws_subnet.publicSubnets",
            "module.vpc_2n2.aws_vpc.Main"
          ]
        }
      ]
    },
    {
      "module": "module.Bastion-auto-scaling",
      "mode": "managed",
      "type": "aws_lb",
      "name": "Network-loadbalancer",
      "provider": "provider[\"registry.terraform.io/hashicorp/aws\"]",
      "instances": [
        {
          "schema_version": 0,
          "attributes": {
            "access_logs": [
              {
                "bucket": "",
                "enabled": false,
                "prefix": ""
              }
            ],
            "arn": "arn:aws:elasticloadbalancing:us-east-2:151849149046:loadbalancer/net/Netowrk-lb-Bastion-host/ad3aade3935f59a1",
            "arn_suffix": "net/Netowrk-lb-Bastion-host/ad3aade3935f59a1",
            "customer_owned_ipv4_pool": "",
            "dns_name": "Netowrk-lb-Bastion-host-ad3aade3935f59a1.elb.us-east-2.amazonaws.com",
            "drop_invalid_header_fields": null,
            "enable_cross_zone_load_balancing": false,
            "enable_deletion_protection": false,
            "enable_http2": null,
            "id": "arn:aws:elasticloadbalancing:us-east-2:151849149046:loadbalancer/net/Netowrk-lb-Bastion-host/ad3aade3935f59a1",
            "idle_timeout": null,
            "internal": false,
            "ip_address_type": "ipv4",
            "load_balancer_type": "network",
            "name": "Netowrk-lb-Bastion-host",
            "name_prefix": null,
            "security_groups": [],
            "subnet_mapping": [
              {
                "allocation_id": "",
                "ipv6_address": "",
                "outpost_id": "",
                "private_ipv4_address": "",
                "subnet_id": "subnet-00b182e82a91de99e"
              },
              {
                "allocation_id": "",
                "ipv6_address": "",
                "outpost_id": "",
                "private_ipv4_address": "",
                "subnet_id": "subnet-050d9ab255ce06f59"
              }
            ],
            "subnets": [
              "subnet-00b182e82a91de99e",
              "subnet-050d9ab255ce06f59"
            ],
            "tags": {
              "Name": "Network-lb-Bastion-host"
            },
            "tags_all": {
              "Name": "Network-lb-Bastion-host"
            },
            "timeouts": null,
            "vpc_id": "vpc-02fa6659577aa9f58",
            "zone_id": "ZLMOA37VPKANP"
          },
          "sensitive_attributes": [],
          "private": "eyJlMmJmYjczMC1lY2FhLTExZTYtOGY4OC0zNDM2M2JjN2M0YzAiOnsiY3JlYXRlIjo2MDAwMDAwMDAwMDAsImRlbGV0ZSI6NjAwMDAwMDAwMDAwLCJ1cGRhdGUiOjYwMDAwMDAwMDAwMH19",
          "dependencies": [
            "module.vpc_2n2.aws_subnet.publicSubnets",
            "module.vpc_2n2.aws_vpc.Main"
          ]
        }
      ]
    },
    {
      "module": "module.Bastion-auto-scaling",
      "mode": "managed",
      "type": "aws_lb_listener",
      "name": "http-listener",
      "provider": "provider[\"registry.terraform.io/hashicorp/aws\"]",
      "instances": [
        {
          "schema_version": 0,
          "attributes": {
            "alpn_policy": null,
            "arn": "arn:aws:elasticloadbalancing:us-east-2:151849149046:listener/app/Application-lb-Bastion-host/e71beb32601ff7ad/5af3ff23eab157fc",
            "certificate_arn": null,
            "default_action": [
              {
                "authenticate_cognito": [],
                "authenticate_oidc": [],
                "fixed_response": [],
                "forward": [],
                "order": 1,
                "redirect": [],
                "target_group_arn": "arn:aws:elasticloadbalancing:us-east-2:151849149046:targetgroup/lb-target-group-Bastion-host/c14d4951fd69733a",
                "type": "forward"
              }
            ],
            "id": "arn:aws:elasticloadbalancing:us-east-2:151849149046:listener/app/Application-lb-Bastion-host/e71beb32601ff7ad/5af3ff23eab157fc",
            "load_balancer_arn": "arn:aws:elasticloadbalancing:us-east-2:151849149046:loadbalancer/app/Application-lb-Bastion-host/e71beb32601ff7ad",
            "port": 80,
            "protocol": "HTTP",
            "ssl_policy": "",
            "tags": {},
            "tags_all": {},
            "timeouts": null
          },
          "sensitive_attributes": [],
          "private": "eyJlMmJmYjczMC1lY2FhLTExZTYtOGY4OC0zNDM2M2JjN2M0YzAiOnsicmVhZCI6NjAwMDAwMDAwMDAwfX0=",
          "dependencies": [
            "module.Bastion-auto-scaling.aws_lb.Applicatiom-loadbalancer",
            "module.Bastion-auto-scaling.aws_lb_target_group.lb-target-group",
            "module.security-group-bastion.aws_security_group.Allow-http",
            "module.vpc_2n2.aws_subnet.publicSubnets",
            "module.vpc_2n2.aws_vpc.Main"
          ]
        }
      ]
    },
    {
      "module": "module.Bastion-auto-scaling",
      "mode": "managed",
      "type": "aws_lb_listener",
      "name": "ssh-listener",
      "provider": "provider[\"registry.terraform.io/hashicorp/aws\"]",
      "instances": []
    },
    {
      "module": "module.Bastion-auto-scaling",
      "mode": "managed",
      "type": "aws_lb_target_group",
      "name": "lb-target-group",
      "provider": "provider[\"registry.terraform.io/hashicorp/aws\"]",
      "instances": [
        {
          "schema_version": 0,
          "attributes": {
            "arn": "arn:aws:elasticloadbalancing:us-east-2:151849149046:targetgroup/lb-target-group-Bastion-host/c14d4951fd69733a",
            "arn_suffix": "targetgroup/lb-target-group-Bastion-host/c14d4951fd69733a",
            "deregistration_delay": 300,
            "health_check": [
              {
                "enabled": true,
                "healthy_threshold": 2,
                "interval": 30,
                "matcher": "200",
                "path": "/",
                "port": "22",
                "protocol": "HTTP",
                "timeout": 3,
                "unhealthy_threshold": 2
              }
            ],
            "id": "arn:aws:elasticloadbalancing:us-east-2:151849149046:targetgroup/lb-target-group-Bastion-host/c14d4951fd69733a",
            "lambda_multi_value_headers_enabled": false,
            "load_balancing_algorithm_type": "round_robin",
            "name": "lb-target-group-Bastion-host",
            "name_prefix": null,
            "port": 22,
            "preserve_client_ip": null,
            "protocol": "HTTP",
            "protocol_version": "HTTP1",
            "proxy_protocol_v2": false,
            "slow_start": 0,
            "stickiness": [
              {
                "cookie_duration": 86400,
                "cookie_name": "",
                "enabled": false,
                "type": "lb_cookie"
              }
            ],
            "tags": {},
            "tags_all": {},
            "target_type": "instance",
            "vpc_id": "vpc-02fa6659577aa9f58"
          },
          "sensitive_attributes": [],
          "private": "bnVsbA==",
          "dependencies": [
            "module.vpc_2n2.aws_vpc.Main"
          ],
          "create_before_destroy": true
        }
      ]
    },
    {
      "module": "module.auto-scaling-backend",
      "mode": "managed",
      "type": "aws_autoscaling_group",
      "name": "group",
      "provider": "provider[\"registry.terraform.io/hashicorp/aws\"]",
      "instances": [
        {
          "schema_version": 0,
          "attributes": {
            "arn": "arn:aws:autoscaling:us-east-2:151849149046:autoScalingGroup:da667d9a-df39-434c-b29c-d3fa5b9f49d3:autoScalingGroupName/terraform-autoscale-groupbackend",
            "availability_zones": [
              "us-east-2a",
              "us-east-2b"
            ],
            "capacity_rebalance": false,
            "default_cooldown": 300,
            "desired_capacity": 1,
            "enabled_metrics": [],
            "force_delete": false,
            "force_delete_warm_pool": false,
            "health_check_grace_period": 300,
            "health_check_type": "EC2",
            "id": "terraform-autoscale-groupbackend",
            "initial_lifecycle_hook": [],
            "instance_refresh": [],
            "launch_configuration": "config-autoscale-groupbackend20210802200017215600000003",
            "launch_template": [],
            "load_balancers": [],
            "max_instance_lifetime": 0,
            "max_size": 1,
            "metrics_granularity": "1Minute",
            "min_elb_capacity": null,
            "min_size": 1,
            "mixed_instances_policy": [],
            "name": "terraform-autoscale-groupbackend",
            "name_prefix": "",
            "placement_group": "",
            "protect_from_scale_in": false,
            "service_linked_role_arn": "arn:aws:iam::151849149046:role/aws-service-role/autoscaling.amazonaws.com/AWSServiceRoleForAutoScaling",
            "suspended_processes": [],
            "tag": [
              {
                "key": "Name",
                "propagate_at_launch": true,
                "value": "backend"
              }
            ],
            "tags": null,
            "target_group_arns": [
              "arn:aws:elasticloadbalancing:us-east-2:151849149046:targetgroup/lb-target-group-backend/a46b5f5db536fde6"
            ],
            "termination_policies": [],
            "timeouts": null,
            "vpc_zone_identifier": [
              "subnet-0479eb2296e510c21",
              "subnet-0cf4783628b71c550"
            ],
            "wait_for_capacity_timeout": "10m",
            "wait_for_elb_capacity": null,
            "warm_pool": []
          },
          "sensitive_attributes": [],
          "private": "eyJlMmJmYjczMC1lY2FhLTExZTYtOGY4OC0zNDM2M2JjN2M0YzAiOnsiZGVsZXRlIjo2MDAwMDAwMDAwMDB9fQ==",
          "dependencies": [
            "module.auto-scaling-backend.aws_lb_target_group.lb-target-group",
            "module.security-group-backend.aws_security_group.Allow-http-ssh",
            "module.security-group-bastion.aws_security_group.Allow-http",
            "module.security-group-bastion.aws_security_group.Allow-http-ssh",
            "module.security-group-frontend.aws_security_group.Allow-http-ssh",
            "module.vpc_2n2.aws_subnet.privateSubnets",
            "data.aws_ami.ubuntu",
            "module.auto-scaling-backend.aws_launch_configuration.config-autoscale-group",
            "module.security-group-frontend.aws_security_group.Allow-http",
            "module.vpc_2n2.aws_vpc.Main"
          ],
          "create_before_destroy": true
        }
      ]
    },
    {
      "module": "module.auto-scaling-backend",
      "mode": "managed",
      "type": "aws_launch_configuration",
      "name": "config-autoscale-group",
      "provider": "provider[\"registry.terraform.io/hashicorp/aws\"]",
      "instances": [
        {
          "schema_version": 0,
          "attributes": {
            "arn": "arn:aws:autoscaling:us-east-2:151849149046:launchConfiguration:2c34fd91-23ed-43df-b67f-7034382b134f:launchConfigurationName/config-autoscale-groupbackend20210802200017215600000003",
            "associate_public_ip_address": false,
            "ebs_block_device": [],
            "ebs_optimized": false,
            "enable_monitoring": true,
            "ephemeral_block_device": [],
            "iam_instance_profile": "",
            "id": "config-autoscale-groupbackend20210802200017215600000003",
            "image_id": "ami-0117d177e96a8481c",
            "instance_type": "t2.micro",
            "key_name": "first-key-pair",
            "metadata_options": [],
            "name": "config-autoscale-groupbackend20210802200017215600000003",
            "name_prefix": "config-autoscale-groupbackend",
            "placement_tenancy": null,
            "root_block_device": [],
            "security_groups": [
              "sg-0695899461fb882aa"
            ],
            "spot_price": "",
            "user_data": null,
            "user_data_base64": null,
            "vpc_classic_link_id": "",
            "vpc_classic_link_security_groups": []
          },
          "sensitive_attributes": [],
          "private": "bnVsbA==",
          "dependencies": [
            "module.security-group-frontend.aws_security_group.Allow-http-ssh",
            "module.vpc_2n2.aws_vpc.Main",
            "data.aws_ami.ubuntu",
            "module.security-group-backend.aws_security_group.Allow-http-ssh",
            "module.security-group-bastion.aws_security_group.Allow-http",
            "module.security-group-bastion.aws_security_group.Allow-http-ssh",
            "module.security-group-frontend.aws_security_group.Allow-http"
          ],
          "create_before_destroy": true
        }
      ]
    },
    {
      "module": "module.auto-scaling-backend",
      "mode": "managed",
      "type": "aws_lb",
      "name": "Applicatiom-loadbalancer",
      "provider": "provider[\"registry.terraform.io/hashicorp/aws\"]",
      "instances": [
        {
          "schema_version": 0,
          "attributes": {
            "access_logs": [
              {
                "bucket": "",
                "enabled": false,
                "prefix": ""
              }
            ],
            "arn": "arn:aws:elasticloadbalancing:us-east-2:151849149046:loadbalancer/app/Application-lb-backend/49b1a89333f0d037",
            "arn_suffix": "app/Application-lb-backend/49b1a89333f0d037",
            "customer_owned_ipv4_pool": "",
            "dns_name": "internal-Application-lb-backend-1939822075.us-east-2.elb.amazonaws.com",
            "drop_invalid_header_fields": false,
            "enable_cross_zone_load_balancing": null,
            "enable_deletion_protection": false,
            "enable_http2": true,
            "id": "arn:aws:elasticloadbalancing:us-east-2:151849149046:loadbalancer/app/Application-lb-backend/49b1a89333f0d037",
            "idle_timeout": 60,
            "internal": true,
            "ip_address_type": "ipv4",
            "load_balancer_type": "application",
            "name": "Application-lb-backend",
            "name_prefix": null,
            "security_groups": [
              "sg-04168305c63b94f97"
            ],
            "subnet_mapping": [
              {
                "allocation_id": "",
                "ipv6_address": "",
                "outpost_id": "",
                "private_ipv4_address": "",
                "subnet_id": "subnet-0479eb2296e510c21"
              },
              {
                "allocation_id": "",
                "ipv6_address": "",
                "outpost_id": "",
                "private_ipv4_address": "",
                "subnet_id": "subnet-0cf4783628b71c550"
              }
            ],
            "subnets": [
              "subnet-0479eb2296e510c21",
              "subnet-0cf4783628b71c550"
            ],
            "tags": {
              "Name": "Application-lb-backend"
            },
            "tags_all": {
              "Name": "Application-lb-backend"
            },
            "timeouts": null,
            "vpc_id": "vpc-02fa6659577aa9f58",
            "zone_id": "Z3AADJGX6KTTL2"
          },
          "sensitive_attributes": [],
          "private": "eyJlMmJmYjczMC1lY2FhLTExZTYtOGY4OC0zNDM2M2JjN2M0YzAiOnsiY3JlYXRlIjo2MDAwMDAwMDAwMDAsImRlbGV0ZSI6NjAwMDAwMDAwMDAwLCJ1cGRhdGUiOjYwMDAwMDAwMDAwMH19",
          "dependencies": [
            "module.vpc_2n2.aws_subnet.privateSubnets",
            "module.vpc_2n2.aws_vpc.Main",
            "module.security-group-backend.aws_security_group.Allow-http",
            "module.security-group-bastion.aws_security_group.Allow-http",
            "module.security-group-bastion.aws_security_group.Allow-http-ssh",
            "module.security-group-frontend.aws_security_group.Allow-http",
            "module.security-group-frontend.aws_security_group.Allow-http-ssh"
          ]
        }
      ]
    },
    {
      "module": "module.auto-scaling-backend",
      "mode": "managed",
      "type": "aws_lb",
      "name": "Network-loadbalancer",
      "provider": "provider[\"registry.terraform.io/hashicorp/aws\"]",
      "instances": [
        {
          "schema_version": 0,
          "attributes": {
            "access_logs": [
              {
                "bucket": "",
                "enabled": false,
                "prefix": ""
              }
            ],
            "arn": "arn:aws:elasticloadbalancing:us-east-2:151849149046:loadbalancer/net/Netowrk-lb-backend/f92718fc51bc0de5",
            "arn_suffix": "net/Netowrk-lb-backend/f92718fc51bc0de5",
            "customer_owned_ipv4_pool": "",
            "dns_name": "Netowrk-lb-backend-f92718fc51bc0de5.elb.us-east-2.amazonaws.com",
            "drop_invalid_header_fields": null,
            "enable_cross_zone_load_balancing": false,
            "enable_deletion_protection": false,
            "enable_http2": null,
            "id": "arn:aws:elasticloadbalancing:us-east-2:151849149046:loadbalancer/net/Netowrk-lb-backend/f92718fc51bc0de5",
            "idle_timeout": null,
            "internal": true,
            "ip_address_type": "ipv4",
            "load_balancer_type": "network",
            "name": "Netowrk-lb-backend",
            "name_prefix": null,
            "security_groups": [],
            "subnet_mapping": [
              {
                "allocation_id": "",
                "ipv6_address": "",
                "outpost_id": "",
                "private_ipv4_address": "",
                "subnet_id": "subnet-0479eb2296e510c21"
              },
              {
                "allocation_id": "",
                "ipv6_address": "",
                "outpost_id": "",
                "private_ipv4_address": "",
                "subnet_id": "subnet-0cf4783628b71c550"
              }
            ],
            "subnets": [
              "subnet-0479eb2296e510c21",
              "subnet-0cf4783628b71c550"
            ],
            "tags": {
              "Name": "Network-lb-backend"
            },
            "tags_all": {
              "Name": "Network-lb-backend"
            },
            "timeouts": null,
            "vpc_id": "vpc-02fa6659577aa9f58",
            "zone_id": "ZLMOA37VPKANP"
          },
          "sensitive_attributes": [],
          "private": "eyJlMmJmYjczMC1lY2FhLTExZTYtOGY4OC0zNDM2M2JjN2M0YzAiOnsiY3JlYXRlIjo2MDAwMDAwMDAwMDAsImRlbGV0ZSI6NjAwMDAwMDAwMDAwLCJ1cGRhdGUiOjYwMDAwMDAwMDAwMH19",
          "dependencies": [
            "module.vpc_2n2.aws_subnet.privateSubnets",
            "module.vpc_2n2.aws_vpc.Main"
          ]
        }
      ]
    },
    {
      "module": "module.auto-scaling-backend",
      "mode": "managed",
      "type": "aws_lb_listener",
      "name": "http-listener",
      "provider": "provider[\"registry.terraform.io/hashicorp/aws\"]",
      "instances": [
        {
          "schema_version": 0,
          "attributes": {
            "alpn_policy": null,
            "arn": "arn:aws:elasticloadbalancing:us-east-2:151849149046:listener/app/Application-lb-backend/49b1a89333f0d037/76aee4a13ccc9ee9",
            "certificate_arn": null,
            "default_action": [
              {
                "authenticate_cognito": [],
                "authenticate_oidc": [],
                "fixed_response": [],
                "forward": [],
                "order": 1,
                "redirect": [],
                "target_group_arn": "arn:aws:elasticloadbalancing:us-east-2:151849149046:targetgroup/lb-target-group-backend/a46b5f5db536fde6",
                "type": "forward"
              }
            ],
            "id": "arn:aws:elasticloadbalancing:us-east-2:151849149046:listener/app/Application-lb-backend/49b1a89333f0d037/76aee4a13ccc9ee9",
            "load_balancer_arn": "arn:aws:elasticloadbalancing:us-east-2:151849149046:loadbalancer/app/Application-lb-backend/49b1a89333f0d037",
            "port": 80,
            "protocol": "HTTP",
            "ssl_policy": "",
            "tags": {},
            "tags_all": {},
            "timeouts": null
          },
          "sensitive_attributes": [],
          "private": "eyJlMmJmYjczMC1lY2FhLTExZTYtOGY4OC0zNDM2M2JjN2M0YzAiOnsicmVhZCI6NjAwMDAwMDAwMDAwfX0=",
          "dependencies": [
            "module.security-group-backend.aws_security_group.Allow-http",
            "module.security-group-bastion.aws_security_group.Allow-http-ssh",
            "module.security-group-frontend.aws_security_group.Allow-http",
            "module.security-group-frontend.aws_security_group.Allow-http-ssh",
            "module.vpc_2n2.aws_vpc.Main",
            "module.auto-scaling-backend.aws_lb.Applicatiom-loadbalancer",
            "module.auto-scaling-backend.aws_lb_target_group.lb-target-group",
            "module.security-group-bastion.aws_security_group.Allow-http",
            "module.vpc_2n2.aws_subnet.privateSubnets"
          ]
        }
      ]
    },
    {
      "module": "module.auto-scaling-backend",
      "mode": "managed",
      "type": "aws_lb_listener",
      "name": "ssh-listener",
      "provider": "provider[\"registry.terraform.io/hashicorp/aws\"]",
      "instances": []
    },
    {
      "module": "module.auto-scaling-backend",
      "mode": "managed",
      "type": "aws_lb_target_group",
      "name": "lb-target-group",
      "provider": "provider[\"registry.terraform.io/hashicorp/aws\"]",
      "instances": [
        {
          "schema_version": 0,
          "attributes": {
            "arn": "arn:aws:elasticloadbalancing:us-east-2:151849149046:targetgroup/lb-target-group-backend/a46b5f5db536fde6",
            "arn_suffix": "targetgroup/lb-target-group-backend/a46b5f5db536fde6",
            "deregistration_delay": 300,
            "health_check": [
              {
                "enabled": true,
                "healthy_threshold": 2,
                "interval": 30,
                "matcher": "200",
                "path": "/",
                "port": "8080",
                "protocol": "HTTP",
                "timeout": 3,
                "unhealthy_threshold": 2
              }
            ],
            "id": "arn:aws:elasticloadbalancing:us-east-2:151849149046:targetgroup/lb-target-group-backend/a46b5f5db536fde6",
            "lambda_multi_value_headers_enabled": false,
            "load_balancing_algorithm_type": "round_robin",
            "name": "lb-target-group-backend",
            "name_prefix": null,
            "port": 8080,
            "preserve_client_ip": null,
            "protocol": "HTTP",
            "protocol_version": "HTTP1",
            "proxy_protocol_v2": false,
            "slow_start": 0,
            "stickiness": [
              {
                "cookie_duration": 86400,
                "cookie_name": "",
                "enabled": false,
                "type": "lb_cookie"
              }
            ],
            "tags": {},
            "tags_all": {},
            "target_type": "instance",
            "vpc_id": "vpc-02fa6659577aa9f58"
          },
          "sensitive_attributes": [],
          "private": "bnVsbA==",
          "dependencies": [
            "module.vpc_2n2.aws_vpc.Main"
          ],
          "create_before_destroy": true
        }
      ]
    },
    {
      "module": "module.auto-scaling-frontend",
      "mode": "managed",
      "type": "aws_autoscaling_group",
      "name": "group",
      "provider": "provider[\"registry.terraform.io/hashicorp/aws\"]",
      "instances": [
        {
          "schema_version": 0,
          "attributes": {
            "arn": "arn:aws:autoscaling:us-east-2:151849149046:autoScalingGroup:d1326a7f-4c16-4222-8734-2c8a755dd50e:autoScalingGroupName/terraform-autoscale-groupfrontend",
            "availability_zones": [
              "us-east-2a",
              "us-east-2b"
            ],
            "capacity_rebalance": false,
            "default_cooldown": 300,
            "desired_capacity": 1,
            "enabled_metrics": [],
            "force_delete": false,
            "force_delete_warm_pool": false,
            "health_check_grace_period": 300,
            "health_check_type": "EC2",
            "id": "terraform-autoscale-groupfrontend",
            "initial_lifecycle_hook": [],
            "instance_refresh": [],
            "launch_configuration": "config-autoscale-groupfrontend20210802195931507900000002",
            "launch_template": [],
            "load_balancers": [],
            "max_instance_lifetime": 0,
            "max_size": 1,
            "metrics_granularity": "1Minute",
            "min_elb_capacity": null,
            "min_size": 1,
            "mixed_instances_policy": [],
            "name": "terraform-autoscale-groupfrontend",
            "name_prefix": "",
            "placement_group": "",
            "protect_from_scale_in": false,
            "service_linked_role_arn": "arn:aws:iam::151849149046:role/aws-service-role/autoscaling.amazonaws.com/AWSServiceRoleForAutoScaling",
            "suspended_processes": [],
            "tag": [
              {
                "key": "Name",
                "propagate_at_launch": true,
                "value": "frontend"
              }
            ],
            "tags": null,
            "target_group_arns": [
              "arn:aws:elasticloadbalancing:us-east-2:151849149046:targetgroup/lb-target-group-frontend/c2d994a11e664b46"
            ],
            "termination_policies": [],
            "timeouts": null,
            "vpc_zone_identifier": [
              "subnet-00b182e82a91de99e",
              "subnet-050d9ab255ce06f59"
            ],
            "wait_for_capacity_timeout": "10m",
            "wait_for_elb_capacity": null,
            "warm_pool": []
          },
          "sensitive_attributes": [],
          "private": "eyJlMmJmYjczMC1lY2FhLTExZTYtOGY4OC0zNDM2M2JjN2M0YzAiOnsiZGVsZXRlIjo2MDAwMDAwMDAwMDB9fQ==",
          "dependencies": [
            "data.aws_ami.ubuntu",
            "module.auto-scaling-frontend.aws_launch_configuration.config-autoscale-group",
            "module.auto-scaling-frontend.aws_lb_target_group.lb-target-group",
            "module.security-group-frontend.aws_security_group.Allow-http-ssh",
            "module.vpc_2n2.aws_subnet.publicSubnets",
            "module.vpc_2n2.aws_vpc.Main"
          ],
          "create_before_destroy": true
        }
      ]
    },
    {
      "module": "module.auto-scaling-frontend",
      "mode": "managed",
      "type": "aws_launch_configuration",
      "name": "config-autoscale-group",
      "provider": "provider[\"registry.terraform.io/hashicorp/aws\"]",
      "instances": [
        {
          "schema_version": 0,
          "attributes": {
            "arn": "arn:aws:autoscaling:us-east-2:151849149046:launchConfiguration:757f6eb9-305f-4cff-95d1-45375318a5fd:launchConfigurationName/config-autoscale-groupfrontend20210802195931507900000002",
            "associate_public_ip_address": true,
            "ebs_block_device": [],
            "ebs_optimized": false,
            "enable_monitoring": true,
            "ephemeral_block_device": [],
            "iam_instance_profile": "",
            "id": "config-autoscale-groupfrontend20210802195931507900000002",
            "image_id": "ami-0117d177e96a8481c",
            "instance_type": "t2.micro",
            "key_name": "first-key-pair",
            "metadata_options": [],
            "name": "config-autoscale-groupfrontend20210802195931507900000002",
            "name_prefix": "config-autoscale-groupfrontend",
            "placement_tenancy": null,
            "root_block_device": [],
            "security_groups": [
              "sg-04f3f94e97028069e"
            ],
            "spot_price": "",
            "user_data": null,
            "user_data_base64": null,
            "vpc_classic_link_id": "",
            "vpc_classic_link_security_groups": []
          },
          "sensitive_attributes": [],
          "private": "bnVsbA==",
          "dependencies": [
            "data.aws_ami.ubuntu",
            "module.security-group-frontend.aws_security_group.Allow-http-ssh",
            "module.vpc_2n2.aws_vpc.Main"
          ],
          "create_before_destroy": true
        }
      ]
    },
    {
      "module": "module.auto-scaling-frontend",
      "mode": "managed",
      "type": "aws_lb",
      "name": "Applicatiom-loadbalancer",
      "provider": "provider[\"registry.terraform.io/hashicorp/aws\"]",
      "instances": [
        {
          "schema_version": 0,
          "attributes": {
            "access_logs": [
              {
                "bucket": "",
                "enabled": false,
                "prefix": ""
              }
            ],
            "arn": "arn:aws:elasticloadbalancing:us-east-2:151849149046:loadbalancer/app/Application-lb-frontend/6328bce08b5d9aba",
            "arn_suffix": "app/Application-lb-frontend/6328bce08b5d9aba",
            "customer_owned_ipv4_pool": "",
            "dns_name": "Application-lb-frontend-941193143.us-east-2.elb.amazonaws.com",
            "drop_invalid_header_fields": false,
            "enable_cross_zone_load_balancing": null,
            "enable_deletion_protection": false,
            "enable_http2": true,
            "id": "arn:aws:elasticloadbalancing:us-east-2:151849149046:loadbalancer/app/Application-lb-frontend/6328bce08b5d9aba",
            "idle_timeout": 60,
            "internal": false,
            "ip_address_type": "ipv4",
            "load_balancer_type": "application",
            "name": "Application-lb-frontend",
            "name_prefix": null,
            "security_groups": [
              "sg-02fedb4afe8ad1948"
            ],
            "subnet_mapping": [
              {
                "allocation_id": "",
                "ipv6_address": "",
                "outpost_id": "",
                "private_ipv4_address": "",
                "subnet_id": "subnet-00b182e82a91de99e"
              },
              {
                "allocation_id": "",
                "ipv6_address": "",
                "outpost_id": "",
                "private_ipv4_address": "",
                "subnet_id": "subnet-050d9ab255ce06f59"
              }
            ],
            "subnets": [
              "subnet-00b182e82a91de99e",
              "subnet-050d9ab255ce06f59"
            ],
            "tags": {
              "Name": "Application-lb-frontend"
            },
            "tags_all": {
              "Name": "Application-lb-frontend"
            },
            "timeouts": null,
            "vpc_id": "vpc-02fa6659577aa9f58",
            "zone_id": "Z3AADJGX6KTTL2"
          },
          "sensitive_attributes": [],
          "private": "eyJlMmJmYjczMC1lY2FhLTExZTYtOGY4OC0zNDM2M2JjN2M0YzAiOnsiY3JlYXRlIjo2MDAwMDAwMDAwMDAsImRlbGV0ZSI6NjAwMDAwMDAwMDAwLCJ1cGRhdGUiOjYwMDAwMDAwMDAwMH19",
          "dependencies": [
            "module.security-group-frontend.aws_security_group.Allow-http",
            "module.vpc_2n2.aws_subnet.publicSubnets",
            "module.vpc_2n2.aws_vpc.Main"
          ]
        }
      ]
    },
    {
      "module": "module.auto-scaling-frontend",
      "mode": "managed",
      "type": "aws_lb",
      "name": "Network-loadbalancer",
      "provider": "provider[\"registry.terraform.io/hashicorp/aws\"]",
      "instances": [
        {
          "schema_version": 0,
          "attributes": {
            "access_logs": [
              {
                "bucket": "",
                "enabled": false,
                "prefix": ""
              }
            ],
            "arn": "arn:aws:elasticloadbalancing:us-east-2:151849149046:loadbalancer/net/Netowrk-lb-frontend/ca4b8e4720580a6a",
            "arn_suffix": "net/Netowrk-lb-frontend/ca4b8e4720580a6a",
            "customer_owned_ipv4_pool": "",
            "dns_name": "Netowrk-lb-frontend-ca4b8e4720580a6a.elb.us-east-2.amazonaws.com",
            "drop_invalid_header_fields": null,
            "enable_cross_zone_load_balancing": false,
            "enable_deletion_protection": false,
            "enable_http2": null,
            "id": "arn:aws:elasticloadbalancing:us-east-2:151849149046:loadbalancer/net/Netowrk-lb-frontend/ca4b8e4720580a6a",
            "idle_timeout": null,
            "internal": false,
            "ip_address_type": "ipv4",
            "load_balancer_type": "network",
            "name": "Netowrk-lb-frontend",
            "name_prefix": null,
            "security_groups": [],
            "subnet_mapping": [
              {
                "allocation_id": "",
                "ipv6_address": "",
                "outpost_id": "",
                "private_ipv4_address": "",
                "subnet_id": "subnet-00b182e82a91de99e"
              },
              {
                "allocation_id": "",
                "ipv6_address": "",
                "outpost_id": "",
                "private_ipv4_address": "",
                "subnet_id": "subnet-050d9ab255ce06f59"
              }
            ],
            "subnets": [
              "subnet-00b182e82a91de99e",
              "subnet-050d9ab255ce06f59"
            ],
            "tags": {
              "Name": "Network-lb-frontend"
            },
            "tags_all": {
              "Name": "Network-lb-frontend"
            },
            "timeouts": null,
            "vpc_id": "vpc-02fa6659577aa9f58",
            "zone_id": "ZLMOA37VPKANP"
          },
          "sensitive_attributes": [],
          "private": "eyJlMmJmYjczMC1lY2FhLTExZTYtOGY4OC0zNDM2M2JjN2M0YzAiOnsiY3JlYXRlIjo2MDAwMDAwMDAwMDAsImRlbGV0ZSI6NjAwMDAwMDAwMDAwLCJ1cGRhdGUiOjYwMDAwMDAwMDAwMH19",
          "dependencies": [
            "module.vpc_2n2.aws_vpc.Main",
            "module.vpc_2n2.aws_subnet.publicSubnets"
          ]
        }
      ]
    },
    {
      "module": "module.auto-scaling-frontend",
      "mode": "managed",
      "type": "aws_lb_listener",
      "name": "http-listener",
      "provider": "provider[\"registry.terraform.io/hashicorp/aws\"]",
      "instances": [
        {
          "schema_version": 0,
          "attributes": {
            "alpn_policy": null,
            "arn": "arn:aws:elasticloadbalancing:us-east-2:151849149046:listener/app/Application-lb-frontend/6328bce08b5d9aba/e64519ad72231376",
            "certificate_arn": null,
            "default_action": [
              {
                "authenticate_cognito": [],
                "authenticate_oidc": [],
                "fixed_response": [],
                "forward": [],
                "order": 1,
                "redirect": [],
                "target_group_arn": "arn:aws:elasticloadbalancing:us-east-2:151849149046:targetgroup/lb-target-group-frontend/c2d994a11e664b46",
                "type": "forward"
              }
            ],
            "id": "arn:aws:elasticloadbalancing:us-east-2:151849149046:listener/app/Application-lb-frontend/6328bce08b5d9aba/e64519ad72231376",
            "load_balancer_arn": "arn:aws:elasticloadbalancing:us-east-2:151849149046:loadbalancer/app/Application-lb-frontend/6328bce08b5d9aba",
            "port": 80,
            "protocol": "HTTP",
            "ssl_policy": "",
            "tags": {},
            "tags_all": {},
            "timeouts": null
          },
          "sensitive_attributes": [],
          "private": "eyJlMmJmYjczMC1lY2FhLTExZTYtOGY4OC0zNDM2M2JjN2M0YzAiOnsicmVhZCI6NjAwMDAwMDAwMDAwfX0=",
          "dependencies": [
            "module.security-group-frontend.aws_security_group.Allow-http",
            "module.vpc_2n2.aws_subnet.publicSubnets",
            "module.vpc_2n2.aws_vpc.Main",
            "module.auto-scaling-frontend.aws_lb.Applicatiom-loadbalancer",
            "module.auto-scaling-frontend.aws_lb_target_group.lb-target-group"
          ]
        }
      ]
    },
    {
      "module": "module.auto-scaling-frontend",
      "mode": "managed",
      "type": "aws_lb_listener",
      "name": "ssh-listener",
      "provider": "provider[\"registry.terraform.io/hashicorp/aws\"]",
      "instances": []
    },
    {
      "module": "module.auto-scaling-frontend",
      "mode": "managed",
      "type": "aws_lb_target_group",
      "name": "lb-target-group",
      "provider": "provider[\"registry.terraform.io/hashicorp/aws\"]",
      "instances": [
        {
          "schema_version": 0,
          "attributes": {
            "arn": "arn:aws:elasticloadbalancing:us-east-2:151849149046:targetgroup/lb-target-group-frontend/c2d994a11e664b46",
            "arn_suffix": "targetgroup/lb-target-group-frontend/c2d994a11e664b46",
            "deregistration_delay": 300,
            "health_check": [
              {
                "enabled": true,
                "healthy_threshold": 2,
                "interval": 30,
                "matcher": "200",
                "path": "/",
                "port": "3000",
                "protocol": "HTTP",
                "timeout": 3,
                "unhealthy_threshold": 2
              }
            ],
            "id": "arn:aws:elasticloadbalancing:us-east-2:151849149046:targetgroup/lb-target-group-frontend/c2d994a11e664b46",
            "lambda_multi_value_headers_enabled": false,
            "load_balancing_algorithm_type": "round_robin",
            "name": "lb-target-group-frontend",
            "name_prefix": null,
            "port": 3000,
            "preserve_client_ip": null,
            "protocol": "HTTP",
            "protocol_version": "HTTP1",
            "proxy_protocol_v2": false,
            "slow_start": 0,
            "stickiness": [
              {
                "cookie_duration": 86400,
                "cookie_name": "",
                "enabled": false,
                "type": "lb_cookie"
              }
            ],
            "tags": {},
            "tags_all": {},
            "target_type": "instance",
            "vpc_id": "vpc-02fa6659577aa9f58"
          },
          "sensitive_attributes": [],
          "private": "bnVsbA==",
          "dependencies": [
            "module.vpc_2n2.aws_vpc.Main"
          ],
          "create_before_destroy": true
        }
      ]
    },
    {
      "module": "module.security-group-backend",
      "mode": "managed",
      "type": "aws_security_group",
      "name": "Allow-http",
      "provider": "provider[\"registry.terraform.io/hashicorp/aws\"]",
      "instances": [
        {
          "schema_version": 1,
          "attributes": {
            "arn": "arn:aws:ec2:us-east-2:151849149046:security-group/sg-04168305c63b94f97",
            "description": "Managed by Terraform",
            "egress": [
              {
                "cidr_blocks": [
                  "0.0.0.0/0"
                ],
                "description": "",
                "from_port": 0,
                "ipv6_cidr_blocks": [],
                "prefix_list_ids": [],
                "protocol": "-1",
                "security_groups": [],
                "self": false,
                "to_port": 0
              }
            ],
            "id": "sg-04168305c63b94f97",
            "ingress": [
              {
                "cidr_blocks": [
                  "0.0.0.0/0"
                ],
                "description": "App access through http",
                "from_port": 80,
                "ipv6_cidr_blocks": [],
                "prefix_list_ids": [],
                "protocol": "tcp",
                "security_groups": [],
                "self": false,
                "to_port": 80
              }
            ],
            "name": "Backend-LB",
            "name_prefix": "",
            "owner_id": "151849149046",
            "revoke_rules_on_delete": false,
            "tags": {},
            "tags_all": {},
            "timeouts": null,
            "vpc_id": "vpc-02fa6659577aa9f58"
          },
          "sensitive_attributes": [],
          "private": "eyJlMmJmYjczMC1lY2FhLTExZTYtOGY4OC0zNDM2M2JjN2M0YzAiOnsiY3JlYXRlIjo2MDAwMDAwMDAwMDAsImRlbGV0ZSI6OTAwMDAwMDAwMDAwfSwic2NoZW1hX3ZlcnNpb24iOiIxIn0=",
          "dependencies": [
            "module.security-group-bastion.aws_security_group.Allow-http",
            "module.security-group-bastion.aws_security_group.Allow-http-ssh",
            "module.security-group-frontend.aws_security_group.Allow-http",
            "module.security-group-frontend.aws_security_group.Allow-http-ssh",
            "module.vpc_2n2.aws_vpc.Main"
          ]
        }
      ]
    },
    {
      "module": "module.security-group-backend",
      "mode": "managed",
      "type": "aws_security_group",
      "name": "Allow-http-ssh",
      "provider": "provider[\"registry.terraform.io/hashicorp/aws\"]",
      "instances": [
        {
          "schema_version": 1,
          "attributes": {
            "arn": "arn:aws:ec2:us-east-2:151849149046:security-group/sg-0695899461fb882aa",
            "description": "Managed by Terraform",
            "egress": [
              {
                "cidr_blocks": [
                  "0.0.0.0/0"
                ],
                "description": "",
                "from_port": 0,
                "ipv6_cidr_blocks": [],
                "prefix_list_ids": [],
                "protocol": "-1",
                "security_groups": [],
                "self": false,
                "to_port": 0
              }
            ],
            "id": "sg-0695899461fb882aa",
            "ingress": [
              {
                "cidr_blocks": [],
                "description": "NestJS app port access",
                "from_port": 8080,
                "ipv6_cidr_blocks": [],
                "prefix_list_ids": [],
                "protocol": "tcp",
                "security_groups": [
                  "sg-04f3f94e97028069e"
                ],
                "self": false,
                "to_port": 8080
              },
              {
                "cidr_blocks": [],
                "description": "SSH port access",
                "from_port": 22,
                "ipv6_cidr_blocks": [],
                "prefix_list_ids": [],
                "protocol": "tcp",
                "security_groups": [
                  "sg-0f6bcaa045af5f241"
                ],
                "self": false,
                "to_port": 22
              }
            ],
            "name": "Backend-AS",
            "name_prefix": "",
            "owner_id": "151849149046",
            "revoke_rules_on_delete": false,
            "tags": {},
            "tags_all": {},
            "timeouts": null,
            "vpc_id": "vpc-02fa6659577aa9f58"
          },
          "sensitive_attributes": [],
          "private": "eyJlMmJmYjczMC1lY2FhLTExZTYtOGY4OC0zNDM2M2JjN2M0YzAiOnsiY3JlYXRlIjo2MDAwMDAwMDAwMDAsImRlbGV0ZSI6OTAwMDAwMDAwMDAwfSwic2NoZW1hX3ZlcnNpb24iOiIxIn0=",
          "dependencies": [
            "module.security-group-bastion.aws_security_group.Allow-http",
            "module.security-group-bastion.aws_security_group.Allow-http-ssh",
            "module.security-group-frontend.aws_security_group.Allow-http",
            "module.security-group-frontend.aws_security_group.Allow-http-ssh",
            "module.vpc_2n2.aws_vpc.Main"
          ],
          "create_before_destroy": true
        }
      ]
    },
    {
      "module": "module.security-group-bastion",
      "mode": "managed",
      "type": "aws_security_group",
      "name": "Allow-http",
      "provider": "provider[\"registry.terraform.io/hashicorp/aws\"]",
      "instances": [
        {
          "schema_version": 1,
          "attributes": {
            "arn": "arn:aws:ec2:us-east-2:151849149046:security-group/sg-09d2cdd79be67d3f9",
            "description": "Managed by Terraform",
            "egress": [
              {
                "cidr_blocks": [
                  "0.0.0.0/0"
                ],
                "description": "",
                "from_port": 0,
                "ipv6_cidr_blocks": [],
                "prefix_list_ids": [],
                "protocol": "-1",
                "security_groups": [],
                "self": false,
                "to_port": 0
              }
            ],
            "id": "sg-09d2cdd79be67d3f9",
            "ingress": [
              {
                "cidr_blocks": [
                  "0.0.0.0/0"
                ],
                "description": "App access through http",
                "from_port": 22,
                "ipv6_cidr_blocks": [],
                "prefix_list_ids": [],
                "protocol": "tcp",
                "security_groups": [],
                "self": false,
                "to_port": 22
              }
            ],
            "name": "Bastion-LB",
            "name_prefix": "",
            "owner_id": "151849149046",
            "revoke_rules_on_delete": false,
            "tags": {},
            "tags_all": {},
            "timeouts": null,
            "vpc_id": "vpc-02fa6659577aa9f58"
          },
          "sensitive_attributes": [],
          "private": "eyJlMmJmYjczMC1lY2FhLTExZTYtOGY4OC0zNDM2M2JjN2M0YzAiOnsiY3JlYXRlIjo2MDAwMDAwMDAwMDAsImRlbGV0ZSI6OTAwMDAwMDAwMDAwfSwic2NoZW1hX3ZlcnNpb24iOiIxIn0=",
          "dependencies": [
            "module.vpc_2n2.aws_vpc.Main"
          ],
          "create_before_destroy": true
        }
      ]
    },
    {
      "module": "module.security-group-bastion",
      "mode": "managed",
      "type": "aws_security_group",
      "name": "Allow-http-ssh",
      "provider": "provider[\"registry.terraform.io/hashicorp/aws\"]",
      "instances": [
        {
          "schema_version": 1,
          "attributes": {
            "arn": "arn:aws:ec2:us-east-2:151849149046:security-group/sg-0f6bcaa045af5f241",
            "description": "Managed by Terraform",
            "egress": [
              {
                "cidr_blocks": [
                  "0.0.0.0/0"
                ],
                "description": "",
                "from_port": 0,
                "ipv6_cidr_blocks": [],
                "prefix_list_ids": [],
                "protocol": "-1",
                "security_groups": [],
                "self": false,
                "to_port": 0
              }
            ],
            "id": "sg-0f6bcaa045af5f241",
            "ingress": [
              {
                "cidr_blocks": [
                  "0.0.0.0/0"
                ],
                "description": "Bastion host access",
                "from_port": 22,
                "ipv6_cidr_blocks": [],
                "prefix_list_ids": [],
                "protocol": "tcp",
                "security_groups": [],
                "self": false,
                "to_port": 22
              }
            ],
            "name": "Bastion-AS",
            "name_prefix": "",
            "owner_id": "151849149046",
            "revoke_rules_on_delete": false,
            "tags": {},
            "tags_all": {},
            "timeouts": null,
            "vpc_id": "vpc-02fa6659577aa9f58"
          },
          "sensitive_attributes": [],
          "private": "eyJlMmJmYjczMC1lY2FhLTExZTYtOGY4OC0zNDM2M2JjN2M0YzAiOnsiY3JlYXRlIjo2MDAwMDAwMDAwMDAsImRlbGV0ZSI6OTAwMDAwMDAwMDAwfSwic2NoZW1hX3ZlcnNpb24iOiIxIn0=",
          "dependencies": [
            "module.vpc_2n2.aws_vpc.Main"
          ],
          "create_before_destroy": true
        }
      ]
    },
    {
      "module": "module.security-group-frontend",
      "mode": "managed",
      "type": "aws_security_group",
      "name": "Allow-http",
      "provider": "provider[\"registry.terraform.io/hashicorp/aws\"]",
      "instances": [
        {
          "schema_version": 1,
          "attributes": {
            "arn": "arn:aws:ec2:us-east-2:151849149046:security-group/sg-02fedb4afe8ad1948",
            "description": "Managed by Terraform",
            "egress": [
              {
                "cidr_blocks": [
                  "0.0.0.0/0"
                ],
                "description": "",
                "from_port": 0,
                "ipv6_cidr_blocks": [],
                "prefix_list_ids": [],
                "protocol": "-1",
                "security_groups": [],
                "self": false,
                "to_port": 0
              }
            ],
            "id": "sg-02fedb4afe8ad1948",
            "ingress": [
              {
                "cidr_blocks": [
                  "0.0.0.0/0"
                ],
                "description": "App access through http",
                "from_port": 80,
                "ipv6_cidr_blocks": [],
                "prefix_list_ids": [],
                "protocol": "tcp",
                "security_groups": [],
                "self": false,
                "to_port": 80
              }
            ],
            "name": "Frontend-LB",
            "name_prefix": "",
            "owner_id": "151849149046",
            "revoke_rules_on_delete": false,
            "tags": {},
            "tags_all": {},
            "timeouts": null,
            "vpc_id": "vpc-02fa6659577aa9f58"
          },
          "sensitive_attributes": [],
          "private": "eyJlMmJmYjczMC1lY2FhLTExZTYtOGY4OC0zNDM2M2JjN2M0YzAiOnsiY3JlYXRlIjo2MDAwMDAwMDAwMDAsImRlbGV0ZSI6OTAwMDAwMDAwMDAwfSwic2NoZW1hX3ZlcnNpb24iOiIxIn0=",
          "dependencies": [
            "module.vpc_2n2.aws_vpc.Main"
          ],
          "create_before_destroy": true
        }
      ]
    },
    {
      "module": "module.security-group-frontend",
      "mode": "managed",
      "type": "aws_security_group",
      "name": "Allow-http-ssh",
      "provider": "provider[\"registry.terraform.io/hashicorp/aws\"]",
      "instances": [
        {
          "schema_version": 1,
          "attributes": {
            "arn": "arn:aws:ec2:us-east-2:151849149046:security-group/sg-04f3f94e97028069e",
            "description": "Managed by Terraform",
            "egress": [
              {
                "cidr_blocks": [
                  "0.0.0.0/0"
                ],
                "description": "",
                "from_port": 0,
                "ipv6_cidr_blocks": [],
                "prefix_list_ids": [],
                "protocol": "-1",
                "security_groups": [],
                "self": false,
                "to_port": 0
              }
            ],
            "id": "sg-04f3f94e97028069e",
            "ingress": [
              {
                "cidr_blocks": [
                  "0.0.0.0/0"
                ],
                "description": "React app port access",
                "from_port": 3000,
                "ipv6_cidr_blocks": [],
                "prefix_list_ids": [],
                "protocol": "tcp",
                "security_groups": [],
                "self": false,
                "to_port": 3000
              },
              {
                "cidr_blocks": [
                  "0.0.0.0/0"
                ],
                "description": "SSH access",
                "from_port": 22,
                "ipv6_cidr_blocks": [],
                "prefix_list_ids": [],
                "protocol": "tcp",
                "security_groups": [],
                "self": false,
                "to_port": 22
              },
              {
                "cidr_blocks": [
                  "0.0.0.0/0"
                ],
                "description": "http access",
                "from_port": 80,
                "ipv6_cidr_blocks": [],
                "prefix_list_ids": [],
                "protocol": "tcp",
                "security_groups": [],
                "self": false,
                "to_port": 80
              }
            ],
            "name": "Frontend-AS",
            "name_prefix": "",
            "owner_id": "151849149046",
            "revoke_rules_on_delete": false,
            "tags": {},
            "tags_all": {},
            "timeouts": null,
            "vpc_id": "vpc-02fa6659577aa9f58"
          },
          "sensitive_attributes": [],
          "private": "eyJlMmJmYjczMC1lY2FhLTExZTYtOGY4OC0zNDM2M2JjN2M0YzAiOnsiY3JlYXRlIjo2MDAwMDAwMDAwMDAsImRlbGV0ZSI6OTAwMDAwMDAwMDAwfSwic2NoZW1hX3ZlcnNpb24iOiIxIn0=",
          "dependencies": [
            "module.vpc_2n2.aws_vpc.Main"
          ],
          "create_before_destroy": true
        }
      ]
    },
    {
      "module": "module.vpc_2n2",
      "mode": "managed",
      "type": "aws_eip",
      "name": "nateIP",
      "provider": "provider[\"registry.terraform.io/hashicorp/aws\"]",
      "instances": [
        {
          "schema_version": 0,
          "attributes": {
            "address": null,
            "allocation_id": null,
            "associate_with_private_ip": null,
            "association_id": "eipassoc-0c156d382352e7cb5",
            "carrier_ip": "",
            "customer_owned_ip": "",
            "customer_owned_ipv4_pool": "",
            "domain": "vpc",
            "id": "eipalloc-0f24b2a743ece6583",
            "instance": "",
            "network_border_group": "us-east-2",
            "network_interface": "eni-0f8c6c71fee79c499",
            "private_dns": "ip-10-0-0-116.us-east-2.compute.internal",
            "private_ip": "10.0.0.116",
            "public_dns": "ec2-18-190-6-0.us-east-2.compute.amazonaws.com",
            "public_ip": "18.190.6.0",
            "public_ipv4_pool": "amazon",
            "tags": {},
            "tags_all": {},
            "timeouts": null,
            "vpc": true
          },
          "sensitive_attributes": [],
          "private": "eyJlMmJmYjczMC1lY2FhLTExZTYtOGY4OC0zNDM2M2JjN2M0YzAiOnsiZGVsZXRlIjoxODAwMDAwMDAwMDAsInJlYWQiOjkwMDAwMDAwMDAwMCwidXBkYXRlIjozMDAwMDAwMDAwMDB9fQ=="
        }
      ]
    },
    {
      "module": "module.vpc_2n2",
      "mode": "managed",
      "type": "aws_internet_gateway",
      "name": "IGW",
      "provider": "provider[\"registry.terraform.io/hashicorp/aws\"]",
      "instances": [
        {
          "schema_version": 0,
          "attributes": {
            "arn": "arn:aws:ec2:us-east-2:151849149046:internet-gateway/igw-01458bf5a71370130",
            "id": "igw-01458bf5a71370130",
            "owner_id": "151849149046",
            "tags": {},
            "tags_all": {},
            "vpc_id": "vpc-02fa6659577aa9f58"
          },
          "sensitive_attributes": [],
          "private": "bnVsbA==",
          "dependencies": [
            "module.vpc_2n2.aws_vpc.Main"
          ]
        }
      ]
    },
    {
      "module": "module.vpc_2n2",
      "mode": "managed",
      "type": "aws_nat_gateway",
      "name": "NATgw",
      "provider": "provider[\"registry.terraform.io/hashicorp/aws\"]",
      "instances": [
        {
          "schema_version": 0,
          "attributes": {
            "allocation_id": "eipalloc-0f24b2a743ece6583",
            "connectivity_type": "public",
            "id": "nat-08ce5a5cd2f2784fb",
            "network_interface_id": "eni-0f8c6c71fee79c499",
            "private_ip": "10.0.0.116",
            "public_ip": "18.190.6.0",
            "subnet_id": "subnet-050d9ab255ce06f59",
            "tags": {},
            "tags_all": {}
          },
          "sensitive_attributes": [],
          "private": "bnVsbA==",
          "dependencies": [
            "module.vpc_2n2.aws_eip.nateIP",
            "module.vpc_2n2.aws_subnet.publicSubnets",
            "module.vpc_2n2.aws_vpc.Main"
          ]
        }
      ]
    },
    {
      "module": "module.vpc_2n2",
      "mode": "managed",
      "type": "aws_route_table",
      "name": "PrivateRTs",
      "provider": "provider[\"registry.terraform.io/hashicorp/aws\"]",
      "instances": [
        {
          "index_key": 0,
          "schema_version": 0,
          "attributes": {
            "arn": "arn:aws:ec2:us-east-2:151849149046:route-table/rtb-01f3f58e543424dc3",
            "id": "rtb-01f3f58e543424dc3",
            "owner_id": "151849149046",
            "propagating_vgws": [],
            "route": [
              {
                "carrier_gateway_id": "",
                "cidr_block": "0.0.0.0/0",
                "destination_prefix_list_id": "",
                "egress_only_gateway_id": "",
                "gateway_id": "",
                "instance_id": "",
                "ipv6_cidr_block": "",
                "local_gateway_id": "",
                "nat_gateway_id": "nat-08ce5a5cd2f2784fb",
                "network_interface_id": "",
                "transit_gateway_id": "",
                "vpc_endpoint_id": "",
                "vpc_peering_connection_id": ""
              }
            ],
            "tags": {
              "Name": "PrivateRT0"
            },
            "tags_all": {
              "Name": "PrivateRT0"
            },
            "vpc_id": "vpc-02fa6659577aa9f58"
          },
          "sensitive_attributes": [],
          "private": "bnVsbA==",
          "dependencies": [
            "module.vpc_2n2.aws_eip.nateIP",
            "module.vpc_2n2.aws_nat_gateway.NATgw",
            "module.vpc_2n2.aws_subnet.publicSubnets",
            "module.vpc_2n2.aws_vpc.Main"
          ]
        },
        {
          "index_key": 1,
          "schema_version": 0,
          "attributes": {
            "arn": "arn:aws:ec2:us-east-2:151849149046:route-table/rtb-00876aa9dea1b443b",
            "id": "rtb-00876aa9dea1b443b",
            "owner_id": "151849149046",
            "propagating_vgws": [],
            "route": [
              {
                "carrier_gateway_id": "",
                "cidr_block": "0.0.0.0/0",
                "destination_prefix_list_id": "",
                "egress_only_gateway_id": "",
                "gateway_id": "",
                "instance_id": "",
                "ipv6_cidr_block": "",
                "local_gateway_id": "",
                "nat_gateway_id": "nat-08ce5a5cd2f2784fb",
                "network_interface_id": "",
                "transit_gateway_id": "",
                "vpc_endpoint_id": "",
                "vpc_peering_connection_id": ""
              }
            ],
            "tags": {
              "Name": "PrivateRT1"
            },
            "tags_all": {
              "Name": "PrivateRT1"
            },
            "vpc_id": "vpc-02fa6659577aa9f58"
          },
          "sensitive_attributes": [],
          "private": "bnVsbA==",
          "dependencies": [
            "module.vpc_2n2.aws_subnet.publicSubnets",
            "module.vpc_2n2.aws_vpc.Main",
            "module.vpc_2n2.aws_eip.nateIP",
            "module.vpc_2n2.aws_nat_gateway.NATgw"
          ]
        }
      ]
    },
    {
      "module": "module.vpc_2n2",
      "mode": "managed",
      "type": "aws_route_table",
      "name": "PublicRTs",
      "provider": "provider[\"registry.terraform.io/hashicorp/aws\"]",
      "instances": [
        {
          "index_key": 0,
          "schema_version": 0,
          "attributes": {
            "arn": "arn:aws:ec2:us-east-2:151849149046:route-table/rtb-08216e9960bd8cfdc",
            "id": "rtb-08216e9960bd8cfdc",
            "owner_id": "151849149046",
            "propagating_vgws": [],
            "route": [
              {
                "carrier_gateway_id": "",
                "cidr_block": "0.0.0.0/0",
                "destination_prefix_list_id": "",
                "egress_only_gateway_id": "",
                "gateway_id": "igw-01458bf5a71370130",
                "instance_id": "",
                "ipv6_cidr_block": "",
                "local_gateway_id": "",
                "nat_gateway_id": "",
                "network_interface_id": "",
                "transit_gateway_id": "",
                "vpc_endpoint_id": "",
                "vpc_peering_connection_id": ""
              }
            ],
            "tags": {
              "Name": "PublicRT0"
            },
            "tags_all": {
              "Name": "PublicRT0"
            },
            "vpc_id": "vpc-02fa6659577aa9f58"
          },
          "sensitive_attributes": [],
          "private": "bnVsbA==",
          "dependencies": [
            "module.vpc_2n2.aws_internet_gateway.IGW",
            "module.vpc_2n2.aws_vpc.Main"
          ]
        },
        {
          "index_key": 1,
          "schema_version": 0,
          "attributes": {
            "arn": "arn:aws:ec2:us-east-2:151849149046:route-table/rtb-0c0d01968fd2fbdf7",
            "id": "rtb-0c0d01968fd2fbdf7",
            "owner_id": "151849149046",
            "propagating_vgws": [],
            "route": [
              {
                "carrier_gateway_id": "",
                "cidr_block": "0.0.0.0/0",
                "destination_prefix_list_id": "",
                "egress_only_gateway_id": "",
                "gateway_id": "igw-01458bf5a71370130",
                "instance_id": "",
                "ipv6_cidr_block": "",
                "local_gateway_id": "",
                "nat_gateway_id": "",
                "network_interface_id": "",
                "transit_gateway_id": "",
                "vpc_endpoint_id": "",
                "vpc_peering_connection_id": ""
              }
            ],
            "tags": {
              "Name": "PublicRT1"
            },
            "tags_all": {
              "Name": "PublicRT1"
            },
            "vpc_id": "vpc-02fa6659577aa9f58"
          },
          "sensitive_attributes": [],
          "private": "bnVsbA==",
          "dependencies": [
            "module.vpc_2n2.aws_internet_gateway.IGW",
            "module.vpc_2n2.aws_vpc.Main"
          ]
        }
      ]
    },
    {
      "module": "module.vpc_2n2",
      "mode": "managed",
      "type": "aws_route_table_association",
      "name": "PrivateRTassociation",
      "provider": "provider[\"registry.terraform.io/hashicorp/aws\"]",
      "instances": [
        {
          "index_key": 0,
          "schema_version": 0,
          "attributes": {
            "gateway_id": "",
            "id": "rtbassoc-0578740bbfa531c76",
            "route_table_id": "rtb-01f3f58e543424dc3",
            "subnet_id": "subnet-0479eb2296e510c21"
          },
          "sensitive_attributes": [],
          "private": "bnVsbA==",
          "dependencies": [
            "module.vpc_2n2.aws_vpc.Main",
            "module.vpc_2n2.aws_eip.nateIP",
            "module.vpc_2n2.aws_nat_gateway.NATgw",
            "module.vpc_2n2.aws_route_table.PrivateRTs",
            "module.vpc_2n2.aws_subnet.privateSubnets",
            "module.vpc_2n2.aws_subnet.publicSubnets"
          ]
        },
        {
          "index_key": 1,
          "schema_version": 0,
          "attributes": {
            "gateway_id": "",
            "id": "rtbassoc-0deb8254d69aa11f0",
            "route_table_id": "rtb-00876aa9dea1b443b",
            "subnet_id": "subnet-0cf4783628b71c550"
          },
          "sensitive_attributes": [],
          "private": "bnVsbA==",
          "dependencies": [
            "module.vpc_2n2.aws_subnet.publicSubnets",
            "module.vpc_2n2.aws_vpc.Main",
            "module.vpc_2n2.aws_eip.nateIP",
            "module.vpc_2n2.aws_nat_gateway.NATgw",
            "module.vpc_2n2.aws_route_table.PrivateRTs",
            "module.vpc_2n2.aws_subnet.privateSubnets"
          ]
        }
      ]
    },
    {
      "module": "module.vpc_2n2",
      "mode": "managed",
      "type": "aws_route_table_association",
      "name": "PublicRTassociation",
      "provider": "provider[\"registry.terraform.io/hashicorp/aws\"]",
      "instances": [
        {
          "index_key": 0,
          "schema_version": 0,
          "attributes": {
            "gateway_id": "",
            "id": "rtbassoc-09eccb98178440588",
            "route_table_id": "rtb-08216e9960bd8cfdc",
            "subnet_id": "subnet-050d9ab255ce06f59"
          },
          "sensitive_attributes": [],
          "private": "bnVsbA==",
          "dependencies": [
            "module.vpc_2n2.aws_internet_gateway.IGW",
            "module.vpc_2n2.aws_route_table.PublicRTs",
            "module.vpc_2n2.aws_subnet.publicSubnets",
            "module.vpc_2n2.aws_vpc.Main"
          ]
        },
        {
          "index_key": 1,
          "schema_version": 0,
          "attributes": {
            "gateway_id": "",
            "id": "rtbassoc-0fdc8121a5c144c3e",
            "route_table_id": "rtb-0c0d01968fd2fbdf7",
            "subnet_id": "subnet-00b182e82a91de99e"
          },
          "sensitive_attributes": [],
          "private": "bnVsbA==",
          "dependencies": [
            "module.vpc_2n2.aws_internet_gateway.IGW",
            "module.vpc_2n2.aws_route_table.PublicRTs",
            "module.vpc_2n2.aws_subnet.publicSubnets",
            "module.vpc_2n2.aws_vpc.Main"
          ]
        }
      ]
    },
    {
      "module": "module.vpc_2n2",
      "mode": "managed",
      "type": "aws_subnet",
      "name": "privateSubnets",
      "provider": "provider[\"registry.terraform.io/hashicorp/aws\"]",
      "instances": [
        {
          "index_key": 0,
          "schema_version": 1,
          "attributes": {
            "arn": "arn:aws:ec2:us-east-2:151849149046:subnet/subnet-0479eb2296e510c21",
            "assign_ipv6_address_on_creation": false,
            "availability_zone": "us-east-2a",
            "availability_zone_id": "use2-az1",
            "cidr_block": "10.0.2.0/24",
            "customer_owned_ipv4_pool": "",
            "id": "subnet-0479eb2296e510c21",
            "ipv6_cidr_block": "",
            "ipv6_cidr_block_association_id": "",
            "map_customer_owned_ip_on_launch": false,
            "map_public_ip_on_launch": false,
            "outpost_arn": "",
            "owner_id": "151849149046",
            "tags": {
              "Name": "private0"
            },
            "tags_all": {
              "Name": "private0"
            },
            "timeouts": null,
            "vpc_id": "vpc-02fa6659577aa9f58"
          },
          "sensitive_attributes": [],
          "private": "eyJlMmJmYjczMC1lY2FhLTExZTYtOGY4OC0zNDM2M2JjN2M0YzAiOnsiY3JlYXRlIjo2MDAwMDAwMDAwMDAsImRlbGV0ZSI6MTIwMDAwMDAwMDAwMH0sInNjaGVtYV92ZXJzaW9uIjoiMSJ9",
          "dependencies": [
            "module.vpc_2n2.aws_vpc.Main"
          ],
          "create_before_destroy": true
        },
        {
          "index_key": 1,
          "schema_version": 1,
          "attributes": {
            "arn": "arn:aws:ec2:us-east-2:151849149046:subnet/subnet-0cf4783628b71c550",
            "assign_ipv6_address_on_creation": false,
            "availability_zone": "us-east-2b",
            "availability_zone_id": "use2-az2",
            "cidr_block": "10.0.3.0/24",
            "customer_owned_ipv4_pool": "",
            "id": "subnet-0cf4783628b71c550",
            "ipv6_cidr_block": "",
            "ipv6_cidr_block_association_id": "",
            "map_customer_owned_ip_on_launch": false,
            "map_public_ip_on_launch": false,
            "outpost_arn": "",
            "owner_id": "151849149046",
            "tags": {
              "Name": "private1"
            },
            "tags_all": {
              "Name": "private1"
            },
            "timeouts": null,
            "vpc_id": "vpc-02fa6659577aa9f58"
          },
          "sensitive_attributes": [],
          "private": "eyJlMmJmYjczMC1lY2FhLTExZTYtOGY4OC0zNDM2M2JjN2M0YzAiOnsiY3JlYXRlIjo2MDAwMDAwMDAwMDAsImRlbGV0ZSI6MTIwMDAwMDAwMDAwMH0sInNjaGVtYV92ZXJzaW9uIjoiMSJ9",
          "dependencies": [
            "module.vpc_2n2.aws_vpc.Main"
          ],
          "create_before_destroy": true
        }
      ]
    },
    {
      "module": "module.vpc_2n2",
      "mode": "managed",
      "type": "aws_subnet",
      "name": "publicSubnets",
      "provider": "provider[\"registry.terraform.io/hashicorp/aws\"]",
      "instances": [
        {
          "index_key": 0,
          "schema_version": 1,
          "attributes": {
            "arn": "arn:aws:ec2:us-east-2:151849149046:subnet/subnet-050d9ab255ce06f59",
            "assign_ipv6_address_on_creation": false,
            "availability_zone": "us-east-2a",
            "availability_zone_id": "use2-az1",
            "cidr_block": "10.0.0.0/24",
            "customer_owned_ipv4_pool": "",
            "id": "subnet-050d9ab255ce06f59",
            "ipv6_cidr_block": "",
            "ipv6_cidr_block_association_id": "",
            "map_customer_owned_ip_on_launch": false,
            "map_public_ip_on_launch": false,
            "outpost_arn": "",
            "owner_id": "151849149046",
            "tags": {
              "Name": "public0"
            },
            "tags_all": {
              "Name": "public0"
            },
            "timeouts": null,
            "vpc_id": "vpc-02fa6659577aa9f58"
          },
          "sensitive_attributes": [],
          "private": "eyJlMmJmYjczMC1lY2FhLTExZTYtOGY4OC0zNDM2M2JjN2M0YzAiOnsiY3JlYXRlIjo2MDAwMDAwMDAwMDAsImRlbGV0ZSI6MTIwMDAwMDAwMDAwMH0sInNjaGVtYV92ZXJzaW9uIjoiMSJ9",
          "dependencies": [
            "module.vpc_2n2.aws_vpc.Main"
          ],
          "create_before_destroy": true
        },
        {
          "index_key": 1,
          "schema_version": 1,
          "attributes": {
            "arn": "arn:aws:ec2:us-east-2:151849149046:subnet/subnet-00b182e82a91de99e",
            "assign_ipv6_address_on_creation": false,
            "availability_zone": "us-east-2b",
            "availability_zone_id": "use2-az2",
            "cidr_block": "10.0.1.0/24",
            "customer_owned_ipv4_pool": "",
            "id": "subnet-00b182e82a91de99e",
            "ipv6_cidr_block": "",
            "ipv6_cidr_block_association_id": "",
            "map_customer_owned_ip_on_launch": false,
            "map_public_ip_on_launch": false,
            "outpost_arn": "",
            "owner_id": "151849149046",
            "tags": {
              "Name": "public1"
            },
            "tags_all": {
              "Name": "public1"
            },
            "timeouts": null,
            "vpc_id": "vpc-02fa6659577aa9f58"
          },
          "sensitive_attributes": [],
          "private": "eyJlMmJmYjczMC1lY2FhLTExZTYtOGY4OC0zNDM2M2JjN2M0YzAiOnsiY3JlYXRlIjo2MDAwMDAwMDAwMDAsImRlbGV0ZSI6MTIwMDAwMDAwMDAwMH0sInNjaGVtYV92ZXJzaW9uIjoiMSJ9",
          "dependencies": [
            "module.vpc_2n2.aws_vpc.Main"
          ],
          "create_before_destroy": true
        }
      ]
    },
    {
      "module": "module.vpc_2n2",
      "mode": "managed",
      "type": "aws_vpc",
      "name": "Main",
      "provider": "provider[\"registry.terraform.io/hashicorp/aws\"]",
      "instances": [
        {
          "schema_version": 1,
          "attributes": {
            "arn": "arn:aws:ec2:us-east-2:151849149046:vpc/vpc-02fa6659577aa9f58",
            "assign_generated_ipv6_cidr_block": false,
            "cidr_block": "10.0.0.0/22",
            "default_network_acl_id": "acl-040015e39c0411491",
            "default_route_table_id": "rtb-068f985ed0c18070f",
            "default_security_group_id": "sg-05a1fd138b61372f3",
            "dhcp_options_id": "dopt-60502b0b",
            "enable_classiclink": null,
            "enable_classiclink_dns_support": null,
            "enable_dns_hostnames": false,
            "enable_dns_support": true,
            "id": "vpc-02fa6659577aa9f58",
            "instance_tenancy": "default",
            "ipv6_association_id": "",
            "ipv6_cidr_block": "",
            "main_route_table_id": "rtb-068f985ed0c18070f",
            "owner_id": "151849149046",
            "tags": {},
            "tags_all": {}
          },
          "sensitive_attributes": [],
          "private": "eyJzY2hlbWFfdmVyc2lvbiI6IjEifQ==",
          "create_before_destroy": true
        }
      ]
    }
  ]
}
